Microsoft Visual Studio Solution File, Format Version 12.00
# Visual Studio Version 16
VisualStudioVersion = 16.0.30804.86
MinimumVisualStudioVersion = 15.0.26124.0
Project("{9A19103F-16F7-4668-BE54-9A1E7A4F7556}") = "CommonProtocol", "CommonProtocol\CommonProtocol.csproj", "{84E16B8D-44B7-42CB-B20D-44791A1DD920}"
EndProject
Project("{9A19103F-16F7-4668-BE54-9A1E7A4F7556}") = "BattleProtocol", "BattleProtocol\BattleProtocol.csproj", "{05678063-56F8-41B6-9FBC-1B4DDF5770EE}"
EndProject
Project("{FAE04EC0-301F-11D3-BF4B-00C04F79EFBC}") = "BattleServer", "BattleServer\BattleServer.csproj", "{4576221E-A575-413B-B5EC-666D44F07202}"
EndProject
Project("{9A19103F-16F7-4668-BE54-9A1E7A4F7556}") = "BattleTimer", "BattleTimer\BattleTimer.csproj", "{DFD16784-B21D-437E-9935-83920844E46C}"
EndProject
Project("{9A19103F-16F7-4668-BE54-9A1E7A4F7556}") = "CommonType", "CommonType\CommonType.csproj", "{55D885AE-6D17-4C23-B5FE-AAD7155C025A}"
EndProject
Project("{9A19103F-16F7-4668-BE54-9A1E7A4F7556}") = "GameServer", "GameServer\GameServer.csproj", "{5DF62469-8CD2-464A-8F3A-03CA0204E1C8}"
EndProject
Project("{9A19103F-16F7-4668-BE54-9A1E7A4F7556}") = "DBConnector", "DBConnector\DBConnector.csproj", "{E5D7729B-E00D-46B7-8F64-849E2F57D030}"
EndProject
Project("{2150E333-8FDC-42A3-9474-1A3956D46DE8}") = "Lambda", "Lambda", "{F49D5ABA-AC33-49DA-8A5A-48E0C6EC2E11}"
EndProject
Project("{9A19103F-16F7-4668-BE54-9A1E7A4F7556}") = "CommonConfig", "CommonConfig\CommonConfig.csproj", "{778FC982-7CD8-4BC3-9C35-DB6EBF270E52}"
EndProject
Project("{2150E333-8FDC-42A3-9474-1A3956D46DE8}") = "Servers", "Servers", "{11A4A2AF-8B5B-42AE-B109-7D45CDB49DDD}"
EndProject
Project("{2150E333-8FDC-42A3-9474-1A3956D46DE8}") = "Protocols", "Protocols", "{F8849BAA-46DF-4711-A62A-5F58F7826382}"
EndProject
Project("{2150E333-8FDC-42A3-9474-1A3956D46DE8}") = "LambdaSerialize", "LambdaSerialize", "{32E02A54-8C55-4DBA-9B65-3439055DDB31}"
EndProject
Project("{9A19103F-16F7-4668-BE54-9A1E7A4F7556}") = "LambdaSerializer", "LambdaSerializer\LambdaSerializer.csproj", "{9261991F-4C9F-46C6-9702-5E0C7C9C66E5}"
EndProject
Project("{9A19103F-16F7-4668-BE54-9A1E7A4F7556}") = "AccountJoin", "Lambdas\AccountJoin\AccountJoin.csproj", "{4471A7E2-A8D7-4C32-8345-69F6F6358D04}"
EndProject
Project("{9A19103F-16F7-4668-BE54-9A1E7A4F7556}") = "AccountJoin.Tests", "Lambdas\AccountJoin.Tests\AccountJoin.Tests.csproj", "{97E663F2-17D8-4235-B7E8-F34F5DC670BC}"
EndProject
Project("{9A19103F-16F7-4668-BE54-9A1E7A4F7556}") = "Login", "Lambdas\Login\Login.csproj", "{C0741540-010A-473E-BDB1-AD0B32CD8E1E}"
EndProject
Project("{9A19103F-16F7-4668-BE54-9A1E7A4F7556}") = "Login.Tests", "Lambdas\Login.Tests\Login.Tests.csproj", "{D4032BF3-9152-4EC7-A63E-943369D9C165}"
EndProject
Project("{2150E333-8FDC-42A3-9474-1A3956D46DE8}") = "User", "User", "{7C7F098D-BE0C-4150-BCCF-446F846B58B4}"
EndProject
Project("{2150E333-8FDC-42A3-9474-1A3956D46DE8}") = "Battle", "Battle", "{B70B41AD-3FB9-4049-850C-730DC07BC6CB}"
EndProject
Project("{9A19103F-16F7-4668-BE54-9A1E7A4F7556}") = "CreateGame", "Lambdas\CreateGame\CreateGame.csproj", "{59EEC7A4-06D1-4198-905C-622C2D66230B}"
EndProject
Project("{9A19103F-16F7-4668-BE54-9A1E7A4F7556}") = "CreateGame.Tests", "Lambdas\CreateGame.Tests\CreateGame.Tests.csproj", "{1AAA9F33-460C-49E6-8147-8B0C45307F37}"
EndProject
Project("{9A19103F-16F7-4668-BE54-9A1E7A4F7556}") = "CreatePlayer", "Lambdas\CreatePlayer\CreatePlayer.csproj", "{D5F5CBED-8F52-409D-9A06-E770B2A560A6}"
EndProject
Project("{9A19103F-16F7-4668-BE54-9A1E7A4F7556}") = "CreatePlayer.Tests", "Lambdas\CreatePlayer.Tests\CreatePlayer.Tests.csproj", "{FEF03684-B3ED-4ABE-9687-8B7AAD81D104}"
EndProject
Project("{9A19103F-16F7-4668-BE54-9A1E7A4F7556}") = "SearchGame", "Lambdas\SearchGame\SearchGame.csproj", "{B1AA56BE-5455-499E-90E1-AE3E63C5A584}"
EndProject
Project("{9A19103F-16F7-4668-BE54-9A1E7A4F7556}") = "SearchGame.Tests", "Lambdas\SearchGame.Tests\SearchGame.Tests.csproj", "{4D6599B8-9CD7-4224-A335-D12352369998}"
EndProject
Project("{2150E333-8FDC-42A3-9474-1A3956D46DE8}") = "GameLiftWrapper", "GameLiftWrapper", "{711BB711-1F45-4A1A-95C3-3C979EAB866B}"
EndProject
Project("{9A19103F-16F7-4668-BE54-9A1E7A4F7556}") = "GameLiftBackend", "GameLiftWrapper\GameLiftBackend\GameLiftBackend.csproj", "{68D266BF-0197-4217-BAC9-6F981155FEAC}"
EndProject
Project("{9A19103F-16F7-4668-BE54-9A1E7A4F7556}") = "GameLiftServer", "GameLiftWrapper\GameLiftServer\GameLiftServer.csproj", "{90EE18F5-B601-4D6C-8C38-33D258599CB4}"
EndProject
Project("{2150E333-8FDC-42A3-9474-1A3956D46DE8}") = "Scripts", "Scripts", "{A2B1435F-0C59-42A7-9EF2-98F9C0ABD6CA}"
EndProject
Project("{2150E333-8FDC-42A3-9474-1A3956D46DE8}") = "GameLift", "GameLift", "{AF33FF9E-E415-49E5-83EC-8638E304451E}"
	ProjectSection(SolutionItems) = preProject
		scripts\GameLift\01-GameLift-UploadBuild.sh = scripts\GameLift\01-GameLift-UploadBuild.sh
		scripts\GameLift\02-GameLift-CreateFleet.sh = scripts\GameLift\02-GameLift-CreateFleet.sh
	EndProjectSection
EndProject
Project("{9A19103F-16F7-4668-BE54-9A1E7A4F7556}") = "BattleResult", "BattleResult\BattleResult.csproj", "{6CED7C0C-88B7-46A8-9412-4B28FA656D7B}"
EndProject
Project("{9A19103F-16F7-4668-BE54-9A1E7A4F7556}") = "BattleResult.Tests", "BattleResult.Tests\BattleResult.Tests.csproj", "{7D357B87-C415-4368-926C-5A897BFAB9EB}"
EndProject
Global
	GlobalSection(SolutionConfigurationPlatforms) = preSolution
		Debug|Any CPU = Debug|Any CPU
		Debug|x64 = Debug|x64
		Debug|x86 = Debug|x86
		Publish|Any CPU = Publish|Any CPU
		Publish|x64 = Publish|x64
		Publish|x86 = Publish|x86
		Release|Any CPU = Release|Any CPU
		Release|x64 = Release|x64
		Release|x86 = Release|x86
	EndGlobalSection
	GlobalSection(ProjectConfigurationPlatforms) = postSolution
		{84E16B8D-44B7-42CB-B20D-44791A1DD920}.Debug|Any CPU.ActiveCfg = Debug|Any CPU
		{84E16B8D-44B7-42CB-B20D-44791A1DD920}.Debug|Any CPU.Build.0 = Debug|Any CPU
		{84E16B8D-44B7-42CB-B20D-44791A1DD920}.Debug|x64.ActiveCfg = Debug|Any CPU
		{84E16B8D-44B7-42CB-B20D-44791A1DD920}.Debug|x64.Build.0 = Debug|Any CPU
		{84E16B8D-44B7-42CB-B20D-44791A1DD920}.Debug|x86.ActiveCfg = Debug|Any CPU
		{84E16B8D-44B7-42CB-B20D-44791A1DD920}.Debug|x86.Build.0 = Debug|Any CPU
		{84E16B8D-44B7-42CB-B20D-44791A1DD920}.Publish|Any CPU.ActiveCfg = Publish|Any CPU
		{84E16B8D-44B7-42CB-B20D-44791A1DD920}.Publish|x64.ActiveCfg = Publish|Any CPU
		{84E16B8D-44B7-42CB-B20D-44791A1DD920}.Publish|x64.Build.0 = Publish|Any CPU
		{84E16B8D-44B7-42CB-B20D-44791A1DD920}.Publish|x86.ActiveCfg = Publish|Any CPU
		{84E16B8D-44B7-42CB-B20D-44791A1DD920}.Publish|x86.Build.0 = Publish|Any CPU
		{84E16B8D-44B7-42CB-B20D-44791A1DD920}.Release|Any CPU.ActiveCfg = Release|Any CPU
		{84E16B8D-44B7-42CB-B20D-44791A1DD920}.Release|Any CPU.Build.0 = Release|Any CPU
		{84E16B8D-44B7-42CB-B20D-44791A1DD920}.Release|x64.ActiveCfg = Release|Any CPU
		{84E16B8D-44B7-42CB-B20D-44791A1DD920}.Release|x64.Build.0 = Release|Any CPU
		{84E16B8D-44B7-42CB-B20D-44791A1DD920}.Release|x86.ActiveCfg = Release|Any CPU
		{84E16B8D-44B7-42CB-B20D-44791A1DD920}.Release|x86.Build.0 = Release|Any CPU
		{05678063-56F8-41B6-9FBC-1B4DDF5770EE}.Debug|Any CPU.ActiveCfg = Debug|Any CPU
		{05678063-56F8-41B6-9FBC-1B4DDF5770EE}.Debug|Any CPU.Build.0 = Debug|Any CPU
		{05678063-56F8-41B6-9FBC-1B4DDF5770EE}.Debug|x64.ActiveCfg = Debug|Any CPU
		{05678063-56F8-41B6-9FBC-1B4DDF5770EE}.Debug|x64.Build.0 = Debug|Any CPU
		{05678063-56F8-41B6-9FBC-1B4DDF5770EE}.Debug|x86.ActiveCfg = Debug|Any CPU
		{05678063-56F8-41B6-9FBC-1B4DDF5770EE}.Debug|x86.Build.0 = Debug|Any CPU
		{05678063-56F8-41B6-9FBC-1B4DDF5770EE}.Publish|Any CPU.ActiveCfg = Publish|Any CPU
		{05678063-56F8-41B6-9FBC-1B4DDF5770EE}.Publish|x64.ActiveCfg = Publish|Any CPU
		{05678063-56F8-41B6-9FBC-1B4DDF5770EE}.Publish|x64.Build.0 = Publish|Any CPU
		{05678063-56F8-41B6-9FBC-1B4DDF5770EE}.Publish|x86.ActiveCfg = Publish|Any CPU
		{05678063-56F8-41B6-9FBC-1B4DDF5770EE}.Publish|x86.Build.0 = Publish|Any CPU
		{05678063-56F8-41B6-9FBC-1B4DDF5770EE}.Release|Any CPU.ActiveCfg = Release|Any CPU
		{05678063-56F8-41B6-9FBC-1B4DDF5770EE}.Release|Any CPU.Build.0 = Release|Any CPU
		{05678063-56F8-41B6-9FBC-1B4DDF5770EE}.Release|x64.ActiveCfg = Release|Any CPU
		{05678063-56F8-41B6-9FBC-1B4DDF5770EE}.Release|x64.Build.0 = Release|Any CPU
		{05678063-56F8-41B6-9FBC-1B4DDF5770EE}.Release|x86.ActiveCfg = Release|Any CPU
		{05678063-56F8-41B6-9FBC-1B4DDF5770EE}.Release|x86.Build.0 = Release|Any CPU
		{4576221E-A575-413B-B5EC-666D44F07202}.Debug|Any CPU.ActiveCfg = Debug|Any CPU
		{4576221E-A575-413B-B5EC-666D44F07202}.Debug|Any CPU.Build.0 = Debug|Any CPU
		{4576221E-A575-413B-B5EC-666D44F07202}.Debug|x64.ActiveCfg = Debug|Any CPU
		{4576221E-A575-413B-B5EC-666D44F07202}.Debug|x64.Build.0 = Debug|Any CPU
		{4576221E-A575-413B-B5EC-666D44F07202}.Debug|x86.ActiveCfg = Debug|Any CPU
		{4576221E-A575-413B-B5EC-666D44F07202}.Debug|x86.Build.0 = Debug|Any CPU
		{4576221E-A575-413B-B5EC-666D44F07202}.Publish|Any CPU.ActiveCfg = Publish|Any CPU
		{4576221E-A575-413B-B5EC-666D44F07202}.Publish|x64.ActiveCfg = Publish|Any CPU
		{4576221E-A575-413B-B5EC-666D44F07202}.Publish|x64.Build.0 = Publish|Any CPU
		{4576221E-A575-413B-B5EC-666D44F07202}.Publish|x86.ActiveCfg = Publish|Any CPU
		{4576221E-A575-413B-B5EC-666D44F07202}.Publish|x86.Build.0 = Publish|Any CPU
		{4576221E-A575-413B-B5EC-666D44F07202}.Release|Any CPU.ActiveCfg = Release|Any CPU
		{4576221E-A575-413B-B5EC-666D44F07202}.Release|Any CPU.Build.0 = Release|Any CPU
		{4576221E-A575-413B-B5EC-666D44F07202}.Release|x64.ActiveCfg = Release|Any CPU
		{4576221E-A575-413B-B5EC-666D44F07202}.Release|x64.Build.0 = Release|Any CPU
		{4576221E-A575-413B-B5EC-666D44F07202}.Release|x86.ActiveCfg = Release|Any CPU
		{4576221E-A575-413B-B5EC-666D44F07202}.Release|x86.Build.0 = Release|Any CPU
		{DFD16784-B21D-437E-9935-83920844E46C}.Debug|Any CPU.ActiveCfg = Debug|Any CPU
		{DFD16784-B21D-437E-9935-83920844E46C}.Debug|Any CPU.Build.0 = Debug|Any CPU
		{DFD16784-B21D-437E-9935-83920844E46C}.Debug|x64.ActiveCfg = Debug|Any CPU
		{DFD16784-B21D-437E-9935-83920844E46C}.Debug|x64.Build.0 = Debug|Any CPU
		{DFD16784-B21D-437E-9935-83920844E46C}.Debug|x86.ActiveCfg = Debug|Any CPU
		{DFD16784-B21D-437E-9935-83920844E46C}.Debug|x86.Build.0 = Debug|Any CPU
		{DFD16784-B21D-437E-9935-83920844E46C}.Publish|Any CPU.ActiveCfg = Publish|Any CPU
		{DFD16784-B21D-437E-9935-83920844E46C}.Publish|x64.ActiveCfg = Publish|Any CPU
		{DFD16784-B21D-437E-9935-83920844E46C}.Publish|x64.Build.0 = Publish|Any CPU
		{DFD16784-B21D-437E-9935-83920844E46C}.Publish|x86.ActiveCfg = Publish|Any CPU
		{DFD16784-B21D-437E-9935-83920844E46C}.Publish|x86.Build.0 = Publish|Any CPU
		{DFD16784-B21D-437E-9935-83920844E46C}.Release|Any CPU.ActiveCfg = Release|Any CPU
		{DFD16784-B21D-437E-9935-83920844E46C}.Release|Any CPU.Build.0 = Release|Any CPU
		{DFD16784-B21D-437E-9935-83920844E46C}.Release|x64.ActiveCfg = Release|Any CPU
		{DFD16784-B21D-437E-9935-83920844E46C}.Release|x64.Build.0 = Release|Any CPU
		{DFD16784-B21D-437E-9935-83920844E46C}.Release|x86.ActiveCfg = Release|Any CPU
		{DFD16784-B21D-437E-9935-83920844E46C}.Release|x86.Build.0 = Release|Any CPU
		{55D885AE-6D17-4C23-B5FE-AAD7155C025A}.Debug|Any CPU.ActiveCfg = Debug|Any CPU
		{55D885AE-6D17-4C23-B5FE-AAD7155C025A}.Debug|Any CPU.Build.0 = Debug|Any CPU
		{55D885AE-6D17-4C23-B5FE-AAD7155C025A}.Debug|x64.ActiveCfg = Debug|Any CPU
		{55D885AE-6D17-4C23-B5FE-AAD7155C025A}.Debug|x64.Build.0 = Debug|Any CPU
		{55D885AE-6D17-4C23-B5FE-AAD7155C025A}.Debug|x86.ActiveCfg = Debug|Any CPU
		{55D885AE-6D17-4C23-B5FE-AAD7155C025A}.Debug|x86.Build.0 = Debug|Any CPU
		{55D885AE-6D17-4C23-B5FE-AAD7155C025A}.Publish|Any CPU.ActiveCfg = Publish|Any CPU
		{55D885AE-6D17-4C23-B5FE-AAD7155C025A}.Publish|x64.ActiveCfg = Publish|Any CPU
		{55D885AE-6D17-4C23-B5FE-AAD7155C025A}.Publish|x64.Build.0 = Publish|Any CPU
		{55D885AE-6D17-4C23-B5FE-AAD7155C025A}.Publish|x86.ActiveCfg = Publish|Any CPU
		{55D885AE-6D17-4C23-B5FE-AAD7155C025A}.Publish|x86.Build.0 = Publish|Any CPU
		{55D885AE-6D17-4C23-B5FE-AAD7155C025A}.Release|Any CPU.ActiveCfg = Release|Any CPU
		{55D885AE-6D17-4C23-B5FE-AAD7155C025A}.Release|Any CPU.Build.0 = Release|Any CPU
		{55D885AE-6D17-4C23-B5FE-AAD7155C025A}.Release|x64.ActiveCfg = Release|Any CPU
		{55D885AE-6D17-4C23-B5FE-AAD7155C025A}.Release|x64.Build.0 = Release|Any CPU
		{55D885AE-6D17-4C23-B5FE-AAD7155C025A}.Release|x86.ActiveCfg = Release|Any CPU
		{55D885AE-6D17-4C23-B5FE-AAD7155C025A}.Release|x86.Build.0 = Release|Any CPU
		{5DF62469-8CD2-464A-8F3A-03CA0204E1C8}.Debug|Any CPU.ActiveCfg = Debug|Any CPU
		{5DF62469-8CD2-464A-8F3A-03CA0204E1C8}.Debug|Any CPU.Build.0 = Debug|Any CPU
		{5DF62469-8CD2-464A-8F3A-03CA0204E1C8}.Debug|x64.ActiveCfg = Debug|Any CPU
		{5DF62469-8CD2-464A-8F3A-03CA0204E1C8}.Debug|x64.Build.0 = Debug|Any CPU
		{5DF62469-8CD2-464A-8F3A-03CA0204E1C8}.Debug|x86.ActiveCfg = Debug|Any CPU
		{5DF62469-8CD2-464A-8F3A-03CA0204E1C8}.Debug|x86.Build.0 = Debug|Any CPU
		{5DF62469-8CD2-464A-8F3A-03CA0204E1C8}.Publish|Any CPU.ActiveCfg = Publish|Any CPU
		{5DF62469-8CD2-464A-8F3A-03CA0204E1C8}.Publish|x64.ActiveCfg = Publish|Any CPU
		{5DF62469-8CD2-464A-8F3A-03CA0204E1C8}.Publish|x64.Build.0 = Publish|Any CPU
		{5DF62469-8CD2-464A-8F3A-03CA0204E1C8}.Publish|x86.ActiveCfg = Publish|Any CPU
		{5DF62469-8CD2-464A-8F3A-03CA0204E1C8}.Publish|x86.Build.0 = Publish|Any CPU
		{5DF62469-8CD2-464A-8F3A-03CA0204E1C8}.Release|Any CPU.ActiveCfg = Release|Any CPU
		{5DF62469-8CD2-464A-8F3A-03CA0204E1C8}.Release|Any CPU.Build.0 = Release|Any CPU
		{5DF62469-8CD2-464A-8F3A-03CA0204E1C8}.Release|x64.ActiveCfg = Release|Any CPU
		{5DF62469-8CD2-464A-8F3A-03CA0204E1C8}.Release|x64.Build.0 = Release|Any CPU
		{5DF62469-8CD2-464A-8F3A-03CA0204E1C8}.Release|x86.ActiveCfg = Release|Any CPU
		{5DF62469-8CD2-464A-8F3A-03CA0204E1C8}.Release|x86.Build.0 = Release|Any CPU
		{E5D7729B-E00D-46B7-8F64-849E2F57D030}.Debug|Any CPU.ActiveCfg = Debug|Any CPU
		{E5D7729B-E00D-46B7-8F64-849E2F57D030}.Debug|Any CPU.Build.0 = Debug|Any CPU
		{E5D7729B-E00D-46B7-8F64-849E2F57D030}.Debug|x64.ActiveCfg = Debug|Any CPU
		{E5D7729B-E00D-46B7-8F64-849E2F57D030}.Debug|x64.Build.0 = Debug|Any CPU
		{E5D7729B-E00D-46B7-8F64-849E2F57D030}.Debug|x86.ActiveCfg = Debug|Any CPU
		{E5D7729B-E00D-46B7-8F64-849E2F57D030}.Debug|x86.Build.0 = Debug|Any CPU
		{E5D7729B-E00D-46B7-8F64-849E2F57D030}.Publish|Any CPU.ActiveCfg = Debug|Any CPU
		{E5D7729B-E00D-46B7-8F64-849E2F57D030}.Publish|x64.ActiveCfg = Debug|Any CPU
		{E5D7729B-E00D-46B7-8F64-849E2F57D030}.Publish|x64.Build.0 = Debug|Any CPU
		{E5D7729B-E00D-46B7-8F64-849E2F57D030}.Publish|x86.ActiveCfg = Debug|Any CPU
		{E5D7729B-E00D-46B7-8F64-849E2F57D030}.Publish|x86.Build.0 = Debug|Any CPU
		{E5D7729B-E00D-46B7-8F64-849E2F57D030}.Release|Any CPU.ActiveCfg = Release|Any CPU
		{E5D7729B-E00D-46B7-8F64-849E2F57D030}.Release|Any CPU.Build.0 = Release|Any CPU
		{E5D7729B-E00D-46B7-8F64-849E2F57D030}.Release|x64.ActiveCfg = Release|Any CPU
		{E5D7729B-E00D-46B7-8F64-849E2F57D030}.Release|x64.Build.0 = Release|Any CPU
		{E5D7729B-E00D-46B7-8F64-849E2F57D030}.Release|x86.ActiveCfg = Release|Any CPU
		{E5D7729B-E00D-46B7-8F64-849E2F57D030}.Release|x86.Build.0 = Release|Any CPU
		{778FC982-7CD8-4BC3-9C35-DB6EBF270E52}.Debug|Any CPU.ActiveCfg = Debug|Any CPU
		{778FC982-7CD8-4BC3-9C35-DB6EBF270E52}.Debug|Any CPU.Build.0 = Debug|Any CPU
		{778FC982-7CD8-4BC3-9C35-DB6EBF270E52}.Debug|x64.ActiveCfg = Debug|Any CPU
		{778FC982-7CD8-4BC3-9C35-DB6EBF270E52}.Debug|x64.Build.0 = Debug|Any CPU
		{778FC982-7CD8-4BC3-9C35-DB6EBF270E52}.Debug|x86.ActiveCfg = Debug|Any CPU
		{778FC982-7CD8-4BC3-9C35-DB6EBF270E52}.Debug|x86.Build.0 = Debug|Any CPU
		{778FC982-7CD8-4BC3-9C35-DB6EBF270E52}.Publish|Any CPU.ActiveCfg = Debug|Any CPU
		{778FC982-7CD8-4BC3-9C35-DB6EBF270E52}.Publish|Any CPU.Build.0 = Debug|Any CPU
		{778FC982-7CD8-4BC3-9C35-DB6EBF270E52}.Publish|x64.ActiveCfg = Debug|Any CPU
		{778FC982-7CD8-4BC3-9C35-DB6EBF270E52}.Publish|x64.Build.0 = Debug|Any CPU
		{778FC982-7CD8-4BC3-9C35-DB6EBF270E52}.Publish|x86.ActiveCfg = Debug|Any CPU
		{778FC982-7CD8-4BC3-9C35-DB6EBF270E52}.Publish|x86.Build.0 = Debug|Any CPU
		{778FC982-7CD8-4BC3-9C35-DB6EBF270E52}.Release|Any CPU.ActiveCfg = Release|Any CPU
		{778FC982-7CD8-4BC3-9C35-DB6EBF270E52}.Release|Any CPU.Build.0 = Release|Any CPU
		{778FC982-7CD8-4BC3-9C35-DB6EBF270E52}.Release|x64.ActiveCfg = Release|Any CPU
		{778FC982-7CD8-4BC3-9C35-DB6EBF270E52}.Release|x64.Build.0 = Release|Any CPU
		{778FC982-7CD8-4BC3-9C35-DB6EBF270E52}.Release|x86.ActiveCfg = Release|Any CPU
		{778FC982-7CD8-4BC3-9C35-DB6EBF270E52}.Release|x86.Build.0 = Release|Any CPU
		{9261991F-4C9F-46C6-9702-5E0C7C9C66E5}.Debug|Any CPU.ActiveCfg = Debug|Any CPU
		{9261991F-4C9F-46C6-9702-5E0C7C9C66E5}.Debug|Any CPU.Build.0 = Debug|Any CPU
		{9261991F-4C9F-46C6-9702-5E0C7C9C66E5}.Debug|x64.ActiveCfg = Debug|Any CPU
		{9261991F-4C9F-46C6-9702-5E0C7C9C66E5}.Debug|x64.Build.0 = Debug|Any CPU
		{9261991F-4C9F-46C6-9702-5E0C7C9C66E5}.Debug|x86.ActiveCfg = Debug|Any CPU
		{9261991F-4C9F-46C6-9702-5E0C7C9C66E5}.Debug|x86.Build.0 = Debug|Any CPU
		{9261991F-4C9F-46C6-9702-5E0C7C9C66E5}.Publish|Any CPU.ActiveCfg = Debug|Any CPU
		{9261991F-4C9F-46C6-9702-5E0C7C9C66E5}.Publish|Any CPU.Build.0 = Debug|Any CPU
		{9261991F-4C9F-46C6-9702-5E0C7C9C66E5}.Publish|x64.ActiveCfg = Debug|Any CPU
		{9261991F-4C9F-46C6-9702-5E0C7C9C66E5}.Publish|x64.Build.0 = Debug|Any CPU
		{9261991F-4C9F-46C6-9702-5E0C7C9C66E5}.Publish|x86.ActiveCfg = Debug|Any CPU
		{9261991F-4C9F-46C6-9702-5E0C7C9C66E5}.Publish|x86.Build.0 = Debug|Any CPU
		{9261991F-4C9F-46C6-9702-5E0C7C9C66E5}.Release|Any CPU.ActiveCfg = Release|Any CPU
		{9261991F-4C9F-46C6-9702-5E0C7C9C66E5}.Release|Any CPU.Build.0 = Release|Any CPU
		{9261991F-4C9F-46C6-9702-5E0C7C9C66E5}.Release|x64.ActiveCfg = Release|Any CPU
		{9261991F-4C9F-46C6-9702-5E0C7C9C66E5}.Release|x64.Build.0 = Release|Any CPU
		{9261991F-4C9F-46C6-9702-5E0C7C9C66E5}.Release|x86.ActiveCfg = Release|Any CPU
		{9261991F-4C9F-46C6-9702-5E0C7C9C66E5}.Release|x86.Build.0 = Release|Any CPU
		{4471A7E2-A8D7-4C32-8345-69F6F6358D04}.Debug|Any CPU.ActiveCfg = Debug|Any CPU
		{4471A7E2-A8D7-4C32-8345-69F6F6358D04}.Debug|Any CPU.Build.0 = Debug|Any CPU
		{4471A7E2-A8D7-4C32-8345-69F6F6358D04}.Debug|x64.ActiveCfg = Debug|Any CPU
		{4471A7E2-A8D7-4C32-8345-69F6F6358D04}.Debug|x64.Build.0 = Debug|Any CPU
		{4471A7E2-A8D7-4C32-8345-69F6F6358D04}.Debug|x86.ActiveCfg = Debug|Any CPU
		{4471A7E2-A8D7-4C32-8345-69F6F6358D04}.Debug|x86.Build.0 = Debug|Any CPU
		{4471A7E2-A8D7-4C32-8345-69F6F6358D04}.Publish|Any CPU.ActiveCfg = Debug|Any CPU
		{4471A7E2-A8D7-4C32-8345-69F6F6358D04}.Publish|Any CPU.Build.0 = Debug|Any CPU
		{4471A7E2-A8D7-4C32-8345-69F6F6358D04}.Publish|x64.ActiveCfg = Debug|Any CPU
		{4471A7E2-A8D7-4C32-8345-69F6F6358D04}.Publish|x64.Build.0 = Debug|Any CPU
		{4471A7E2-A8D7-4C32-8345-69F6F6358D04}.Publish|x86.ActiveCfg = Debug|Any CPU
		{4471A7E2-A8D7-4C32-8345-69F6F6358D04}.Publish|x86.Build.0 = Debug|Any CPU
		{4471A7E2-A8D7-4C32-8345-69F6F6358D04}.Release|Any CPU.ActiveCfg = Release|Any CPU
		{4471A7E2-A8D7-4C32-8345-69F6F6358D04}.Release|Any CPU.Build.0 = Release|Any CPU
		{4471A7E2-A8D7-4C32-8345-69F6F6358D04}.Release|x64.ActiveCfg = Release|Any CPU
		{4471A7E2-A8D7-4C32-8345-69F6F6358D04}.Release|x64.Build.0 = Release|Any CPU
		{4471A7E2-A8D7-4C32-8345-69F6F6358D04}.Release|x86.ActiveCfg = Release|Any CPU
		{4471A7E2-A8D7-4C32-8345-69F6F6358D04}.Release|x86.Build.0 = Release|Any CPU
		{97E663F2-17D8-4235-B7E8-F34F5DC670BC}.Debug|Any CPU.ActiveCfg = Debug|Any CPU
		{97E663F2-17D8-4235-B7E8-F34F5DC670BC}.Debug|Any CPU.Build.0 = Debug|Any CPU
		{97E663F2-17D8-4235-B7E8-F34F5DC670BC}.Debug|x64.ActiveCfg = Debug|Any CPU
		{97E663F2-17D8-4235-B7E8-F34F5DC670BC}.Debug|x64.Build.0 = Debug|Any CPU
		{97E663F2-17D8-4235-B7E8-F34F5DC670BC}.Debug|x86.ActiveCfg = Debug|Any CPU
		{97E663F2-17D8-4235-B7E8-F34F5DC670BC}.Debug|x86.Build.0 = Debug|Any CPU
		{97E663F2-17D8-4235-B7E8-F34F5DC670BC}.Publish|Any CPU.ActiveCfg = Debug|Any CPU
		{97E663F2-17D8-4235-B7E8-F34F5DC670BC}.Publish|Any CPU.Build.0 = Debug|Any CPU
		{97E663F2-17D8-4235-B7E8-F34F5DC670BC}.Publish|x64.ActiveCfg = Debug|Any CPU
		{97E663F2-17D8-4235-B7E8-F34F5DC670BC}.Publish|x64.Build.0 = Debug|Any CPU
		{97E663F2-17D8-4235-B7E8-F34F5DC670BC}.Publish|x86.ActiveCfg = Debug|Any CPU
		{97E663F2-17D8-4235-B7E8-F34F5DC670BC}.Publish|x86.Build.0 = Debug|Any CPU
		{97E663F2-17D8-4235-B7E8-F34F5DC670BC}.Release|Any CPU.ActiveCfg = Release|Any CPU
		{97E663F2-17D8-4235-B7E8-F34F5DC670BC}.Release|Any CPU.Build.0 = Release|Any CPU
		{97E663F2-17D8-4235-B7E8-F34F5DC670BC}.Release|x64.ActiveCfg = Release|Any CPU
		{97E663F2-17D8-4235-B7E8-F34F5DC670BC}.Release|x64.Build.0 = Release|Any CPU
		{97E663F2-17D8-4235-B7E8-F34F5DC670BC}.Release|x86.ActiveCfg = Release|Any CPU
		{97E663F2-17D8-4235-B7E8-F34F5DC670BC}.Release|x86.Build.0 = Release|Any CPU
		{C0741540-010A-473E-BDB1-AD0B32CD8E1E}.Debug|Any CPU.ActiveCfg = Debug|Any CPU
		{C0741540-010A-473E-BDB1-AD0B32CD8E1E}.Debug|Any CPU.Build.0 = Debug|Any CPU
		{C0741540-010A-473E-BDB1-AD0B32CD8E1E}.Debug|x64.ActiveCfg = Debug|Any CPU
		{C0741540-010A-473E-BDB1-AD0B32CD8E1E}.Debug|x64.Build.0 = Debug|Any CPU
		{C0741540-010A-473E-BDB1-AD0B32CD8E1E}.Debug|x86.ActiveCfg = Debug|Any CPU
		{C0741540-010A-473E-BDB1-AD0B32CD8E1E}.Debug|x86.Build.0 = Debug|Any CPU
		{C0741540-010A-473E-BDB1-AD0B32CD8E1E}.Publish|Any CPU.ActiveCfg = Debug|Any CPU
		{C0741540-010A-473E-BDB1-AD0B32CD8E1E}.Publish|Any CPU.Build.0 = Debug|Any CPU
		{C0741540-010A-473E-BDB1-AD0B32CD8E1E}.Publish|x64.ActiveCfg = Debug|Any CPU
		{C0741540-010A-473E-BDB1-AD0B32CD8E1E}.Publish|x64.Build.0 = Debug|Any CPU
		{C0741540-010A-473E-BDB1-AD0B32CD8E1E}.Publish|x86.ActiveCfg = Debug|Any CPU
		{C0741540-010A-473E-BDB1-AD0B32CD8E1E}.Publish|x86.Build.0 = Debug|Any CPU
		{C0741540-010A-473E-BDB1-AD0B32CD8E1E}.Release|Any CPU.ActiveCfg = Release|Any CPU
		{C0741540-010A-473E-BDB1-AD0B32CD8E1E}.Release|Any CPU.Build.0 = Release|Any CPU
		{C0741540-010A-473E-BDB1-AD0B32CD8E1E}.Release|x64.ActiveCfg = Release|Any CPU
		{C0741540-010A-473E-BDB1-AD0B32CD8E1E}.Release|x64.Build.0 = Release|Any CPU
		{C0741540-010A-473E-BDB1-AD0B32CD8E1E}.Release|x86.ActiveCfg = Release|Any CPU
		{C0741540-010A-473E-BDB1-AD0B32CD8E1E}.Release|x86.Build.0 = Release|Any CPU
		{D4032BF3-9152-4EC7-A63E-943369D9C165}.Debug|Any CPU.ActiveCfg = Debug|Any CPU
		{D4032BF3-9152-4EC7-A63E-943369D9C165}.Debug|Any CPU.Build.0 = Debug|Any CPU
		{D4032BF3-9152-4EC7-A63E-943369D9C165}.Debug|x64.ActiveCfg = Debug|Any CPU
		{D4032BF3-9152-4EC7-A63E-943369D9C165}.Debug|x64.Build.0 = Debug|Any CPU
		{D4032BF3-9152-4EC7-A63E-943369D9C165}.Debug|x86.ActiveCfg = Debug|Any CPU
		{D4032BF3-9152-4EC7-A63E-943369D9C165}.Debug|x86.Build.0 = Debug|Any CPU
		{D4032BF3-9152-4EC7-A63E-943369D9C165}.Publish|Any CPU.ActiveCfg = Debug|Any CPU
		{D4032BF3-9152-4EC7-A63E-943369D9C165}.Publish|Any CPU.Build.0 = Debug|Any CPU
		{D4032BF3-9152-4EC7-A63E-943369D9C165}.Publish|x64.ActiveCfg = Debug|Any CPU
		{D4032BF3-9152-4EC7-A63E-943369D9C165}.Publish|x64.Build.0 = Debug|Any CPU
		{D4032BF3-9152-4EC7-A63E-943369D9C165}.Publish|x86.ActiveCfg = Debug|Any CPU
		{D4032BF3-9152-4EC7-A63E-943369D9C165}.Publish|x86.Build.0 = Debug|Any CPU
		{D4032BF3-9152-4EC7-A63E-943369D9C165}.Release|Any CPU.ActiveCfg = Release|Any CPU
		{D4032BF3-9152-4EC7-A63E-943369D9C165}.Release|Any CPU.Build.0 = Release|Any CPU
		{D4032BF3-9152-4EC7-A63E-943369D9C165}.Release|x64.ActiveCfg = Release|Any CPU
		{D4032BF3-9152-4EC7-A63E-943369D9C165}.Release|x64.Build.0 = Release|Any CPU
		{D4032BF3-9152-4EC7-A63E-943369D9C165}.Release|x86.ActiveCfg = Release|Any CPU
		{D4032BF3-9152-4EC7-A63E-943369D9C165}.Release|x86.Build.0 = Release|Any CPU
		{59EEC7A4-06D1-4198-905C-622C2D66230B}.Debug|Any CPU.ActiveCfg = Debug|Any CPU
		{59EEC7A4-06D1-4198-905C-622C2D66230B}.Debug|Any CPU.Build.0 = Debug|Any CPU
		{59EEC7A4-06D1-4198-905C-622C2D66230B}.Debug|x64.ActiveCfg = Debug|Any CPU
		{59EEC7A4-06D1-4198-905C-622C2D66230B}.Debug|x64.Build.0 = Debug|Any CPU
		{59EEC7A4-06D1-4198-905C-622C2D66230B}.Debug|x86.ActiveCfg = Debug|Any CPU
		{59EEC7A4-06D1-4198-905C-622C2D66230B}.Debug|x86.Build.0 = Debug|Any CPU
		{59EEC7A4-06D1-4198-905C-622C2D66230B}.Publish|Any CPU.ActiveCfg = Debug|Any CPU
		{59EEC7A4-06D1-4198-905C-622C2D66230B}.Publish|Any CPU.Build.0 = Debug|Any CPU
		{59EEC7A4-06D1-4198-905C-622C2D66230B}.Publish|x64.ActiveCfg = Debug|Any CPU
		{59EEC7A4-06D1-4198-905C-622C2D66230B}.Publish|x64.Build.0 = Debug|Any CPU
		{59EEC7A4-06D1-4198-905C-622C2D66230B}.Publish|x86.ActiveCfg = Debug|Any CPU
		{59EEC7A4-06D1-4198-905C-622C2D66230B}.Publish|x86.Build.0 = Debug|Any CPU
		{59EEC7A4-06D1-4198-905C-622C2D66230B}.Release|Any CPU.ActiveCfg = Release|Any CPU
		{59EEC7A4-06D1-4198-905C-622C2D66230B}.Release|Any CPU.Build.0 = Release|Any CPU
		{59EEC7A4-06D1-4198-905C-622C2D66230B}.Release|x64.ActiveCfg = Release|Any CPU
		{59EEC7A4-06D1-4198-905C-622C2D66230B}.Release|x64.Build.0 = Release|Any CPU
		{59EEC7A4-06D1-4198-905C-622C2D66230B}.Release|x86.ActiveCfg = Release|Any CPU
		{59EEC7A4-06D1-4198-905C-622C2D66230B}.Release|x86.Build.0 = Release|Any CPU
		{1AAA9F33-460C-49E6-8147-8B0C45307F37}.Debug|Any CPU.ActiveCfg = Debug|Any CPU
		{1AAA9F33-460C-49E6-8147-8B0C45307F37}.Debug|Any CPU.Build.0 = Debug|Any CPU
		{1AAA9F33-460C-49E6-8147-8B0C45307F37}.Debug|x64.ActiveCfg = Debug|Any CPU
		{1AAA9F33-460C-49E6-8147-8B0C45307F37}.Debug|x64.Build.0 = Debug|Any CPU
		{1AAA9F33-460C-49E6-8147-8B0C45307F37}.Debug|x86.ActiveCfg = Debug|Any CPU
		{1AAA9F33-460C-49E6-8147-8B0C45307F37}.Debug|x86.Build.0 = Debug|Any CPU
		{1AAA9F33-460C-49E6-8147-8B0C45307F37}.Publish|Any CPU.ActiveCfg = Debug|Any CPU
		{1AAA9F33-460C-49E6-8147-8B0C45307F37}.Publish|Any CPU.Build.0 = Debug|Any CPU
		{1AAA9F33-460C-49E6-8147-8B0C45307F37}.Publish|x64.ActiveCfg = Debug|Any CPU
		{1AAA9F33-460C-49E6-8147-8B0C45307F37}.Publish|x64.Build.0 = Debug|Any CPU
		{1AAA9F33-460C-49E6-8147-8B0C45307F37}.Publish|x86.ActiveCfg = Debug|Any CPU
		{1AAA9F33-460C-49E6-8147-8B0C45307F37}.Publish|x86.Build.0 = Debug|Any CPU
		{1AAA9F33-460C-49E6-8147-8B0C45307F37}.Release|Any CPU.ActiveCfg = Release|Any CPU
		{1AAA9F33-460C-49E6-8147-8B0C45307F37}.Release|Any CPU.Build.0 = Release|Any CPU
		{1AAA9F33-460C-49E6-8147-8B0C45307F37}.Release|x64.ActiveCfg = Release|Any CPU
		{1AAA9F33-460C-49E6-8147-8B0C45307F37}.Release|x64.Build.0 = Release|Any CPU
		{1AAA9F33-460C-49E6-8147-8B0C45307F37}.Release|x86.ActiveCfg = Release|Any CPU
		{1AAA9F33-460C-49E6-8147-8B0C45307F37}.Release|x86.Build.0 = Release|Any CPU
		{D5F5CBED-8F52-409D-9A06-E770B2A560A6}.Debug|Any CPU.ActiveCfg = Debug|Any CPU
		{D5F5CBED-8F52-409D-9A06-E770B2A560A6}.Debug|Any CPU.Build.0 = Debug|Any CPU
		{D5F5CBED-8F52-409D-9A06-E770B2A560A6}.Debug|x64.ActiveCfg = Debug|Any CPU
		{D5F5CBED-8F52-409D-9A06-E770B2A560A6}.Debug|x64.Build.0 = Debug|Any CPU
		{D5F5CBED-8F52-409D-9A06-E770B2A560A6}.Debug|x86.ActiveCfg = Debug|Any CPU
		{D5F5CBED-8F52-409D-9A06-E770B2A560A6}.Debug|x86.Build.0 = Debug|Any CPU
		{D5F5CBED-8F52-409D-9A06-E770B2A560A6}.Publish|Any CPU.ActiveCfg = Debug|Any CPU
		{D5F5CBED-8F52-409D-9A06-E770B2A560A6}.Publish|Any CPU.Build.0 = Debug|Any CPU
		{D5F5CBED-8F52-409D-9A06-E770B2A560A6}.Publish|x64.ActiveCfg = Debug|Any CPU
		{D5F5CBED-8F52-409D-9A06-E770B2A560A6}.Publish|x64.Build.0 = Debug|Any CPU
		{D5F5CBED-8F52-409D-9A06-E770B2A560A6}.Publish|x86.ActiveCfg = Debug|Any CPU
		{D5F5CBED-8F52-409D-9A06-E770B2A560A6}.Publish|x86.Build.0 = Debug|Any CPU
		{D5F5CBED-8F52-409D-9A06-E770B2A560A6}.Release|Any CPU.ActiveCfg = Release|Any CPU
		{D5F5CBED-8F52-409D-9A06-E770B2A560A6}.Release|Any CPU.Build.0 = Release|Any CPU
		{D5F5CBED-8F52-409D-9A06-E770B2A560A6}.Release|x64.ActiveCfg = Release|Any CPU
		{D5F5CBED-8F52-409D-9A06-E770B2A560A6}.Release|x64.Build.0 = Release|Any CPU
		{D5F5CBED-8F52-409D-9A06-E770B2A560A6}.Release|x86.ActiveCfg = Release|Any CPU
		{D5F5CBED-8F52-409D-9A06-E770B2A560A6}.Release|x86.Build.0 = Release|Any CPU
		{FEF03684-B3ED-4ABE-9687-8B7AAD81D104}.Debug|Any CPU.ActiveCfg = Debug|Any CPU
		{FEF03684-B3ED-4ABE-9687-8B7AAD81D104}.Debug|Any CPU.Build.0 = Debug|Any CPU
		{FEF03684-B3ED-4ABE-9687-8B7AAD81D104}.Debug|x64.ActiveCfg = Debug|Any CPU
		{FEF03684-B3ED-4ABE-9687-8B7AAD81D104}.Debug|x64.Build.0 = Debug|Any CPU
		{FEF03684-B3ED-4ABE-9687-8B7AAD81D104}.Debug|x86.ActiveCfg = Debug|Any CPU
		{FEF03684-B3ED-4ABE-9687-8B7AAD81D104}.Debug|x86.Build.0 = Debug|Any CPU
		{FEF03684-B3ED-4ABE-9687-8B7AAD81D104}.Publish|Any CPU.ActiveCfg = Debug|Any CPU
		{FEF03684-B3ED-4ABE-9687-8B7AAD81D104}.Publish|Any CPU.Build.0 = Debug|Any CPU
		{FEF03684-B3ED-4ABE-9687-8B7AAD81D104}.Publish|x64.ActiveCfg = Debug|Any CPU
		{FEF03684-B3ED-4ABE-9687-8B7AAD81D104}.Publish|x64.Build.0 = Debug|Any CPU
		{FEF03684-B3ED-4ABE-9687-8B7AAD81D104}.Publish|x86.ActiveCfg = Debug|Any CPU
		{FEF03684-B3ED-4ABE-9687-8B7AAD81D104}.Publish|x86.Build.0 = Debug|Any CPU
		{FEF03684-B3ED-4ABE-9687-8B7AAD81D104}.Release|Any CPU.ActiveCfg = Release|Any CPU
		{FEF03684-B3ED-4ABE-9687-8B7AAD81D104}.Release|Any CPU.Build.0 = Release|Any CPU
		{FEF03684-B3ED-4ABE-9687-8B7AAD81D104}.Release|x64.ActiveCfg = Release|Any CPU
		{FEF03684-B3ED-4ABE-9687-8B7AAD81D104}.Release|x64.Build.0 = Release|Any CPU
		{FEF03684-B3ED-4ABE-9687-8B7AAD81D104}.Release|x86.ActiveCfg = Release|Any CPU
		{FEF03684-B3ED-4ABE-9687-8B7AAD81D104}.Release|x86.Build.0 = Release|Any CPU
		{B1AA56BE-5455-499E-90E1-AE3E63C5A584}.Debug|Any CPU.ActiveCfg = Debug|Any CPU
		{B1AA56BE-5455-499E-90E1-AE3E63C5A584}.Debug|Any CPU.Build.0 = Debug|Any CPU
		{B1AA56BE-5455-499E-90E1-AE3E63C5A584}.Debug|x64.ActiveCfg = Debug|Any CPU
		{B1AA56BE-5455-499E-90E1-AE3E63C5A584}.Debug|x64.Build.0 = Debug|Any CPU
		{B1AA56BE-5455-499E-90E1-AE3E63C5A584}.Debug|x86.ActiveCfg = Debug|Any CPU
		{B1AA56BE-5455-499E-90E1-AE3E63C5A584}.Debug|x86.Build.0 = Debug|Any CPU
		{B1AA56BE-5455-499E-90E1-AE3E63C5A584}.Publish|Any CPU.ActiveCfg = Debug|Any CPU
		{B1AA56BE-5455-499E-90E1-AE3E63C5A584}.Publish|Any CPU.Build.0 = Debug|Any CPU
		{B1AA56BE-5455-499E-90E1-AE3E63C5A584}.Publish|x64.ActiveCfg = Debug|Any CPU
		{B1AA56BE-5455-499E-90E1-AE3E63C5A584}.Publish|x64.Build.0 = Debug|Any CPU
		{B1AA56BE-5455-499E-90E1-AE3E63C5A584}.Publish|x86.ActiveCfg = Debug|Any CPU
		{B1AA56BE-5455-499E-90E1-AE3E63C5A584}.Publish|x86.Build.0 = Debug|Any CPU
		{B1AA56BE-5455-499E-90E1-AE3E63C5A584}.Release|Any CPU.ActiveCfg = Release|Any CPU
		{B1AA56BE-5455-499E-90E1-AE3E63C5A584}.Release|Any CPU.Build.0 = Release|Any CPU
		{B1AA56BE-5455-499E-90E1-AE3E63C5A584}.Release|x64.ActiveCfg = Release|Any CPU
		{B1AA56BE-5455-499E-90E1-AE3E63C5A584}.Release|x64.Build.0 = Release|Any CPU
		{B1AA56BE-5455-499E-90E1-AE3E63C5A584}.Release|x86.ActiveCfg = Release|Any CPU
		{B1AA56BE-5455-499E-90E1-AE3E63C5A584}.Release|x86.Build.0 = Release|Any CPU
		{4D6599B8-9CD7-4224-A335-D12352369998}.Debug|Any CPU.ActiveCfg = Debug|Any CPU
		{4D6599B8-9CD7-4224-A335-D12352369998}.Debug|Any CPU.Build.0 = Debug|Any CPU
		{4D6599B8-9CD7-4224-A335-D12352369998}.Debug|x64.ActiveCfg = Debug|Any CPU
		{4D6599B8-9CD7-4224-A335-D12352369998}.Debug|x64.Build.0 = Debug|Any CPU
		{4D6599B8-9CD7-4224-A335-D12352369998}.Debug|x86.ActiveCfg = Debug|Any CPU
		{4D6599B8-9CD7-4224-A335-D12352369998}.Debug|x86.Build.0 = Debug|Any CPU
		{4D6599B8-9CD7-4224-A335-D12352369998}.Publish|Any CPU.ActiveCfg = Debug|Any CPU
		{4D6599B8-9CD7-4224-A335-D12352369998}.Publish|Any CPU.Build.0 = Debug|Any CPU
		{4D6599B8-9CD7-4224-A335-D12352369998}.Publish|x64.ActiveCfg = Debug|Any CPU
		{4D6599B8-9CD7-4224-A335-D12352369998}.Publish|x64.Build.0 = Debug|Any CPU
		{4D6599B8-9CD7-4224-A335-D12352369998}.Publish|x86.ActiveCfg = Debug|Any CPU
		{4D6599B8-9CD7-4224-A335-D12352369998}.Publish|x86.Build.0 = Debug|Any CPU
		{4D6599B8-9CD7-4224-A335-D12352369998}.Release|Any CPU.ActiveCfg = Release|Any CPU
		{4D6599B8-9CD7-4224-A335-D12352369998}.Release|Any CPU.Build.0 = Release|Any CPU
		{4D6599B8-9CD7-4224-A335-D12352369998}.Release|x64.ActiveCfg = Release|Any CPU
		{4D6599B8-9CD7-4224-A335-D12352369998}.Release|x64.Build.0 = Release|Any CPU
		{4D6599B8-9CD7-4224-A335-D12352369998}.Release|x86.ActiveCfg = Release|Any CPU
		{4D6599B8-9CD7-4224-A335-D12352369998}.Release|x86.Build.0 = Release|Any CPU
		{68D266BF-0197-4217-BAC9-6F981155FEAC}.Debug|Any CPU.ActiveCfg = Debug|Any CPU
		{68D266BF-0197-4217-BAC9-6F981155FEAC}.Debug|Any CPU.Build.0 = Debug|Any CPU
		{68D266BF-0197-4217-BAC9-6F981155FEAC}.Debug|x64.ActiveCfg = Debug|Any CPU
		{68D266BF-0197-4217-BAC9-6F981155FEAC}.Debug|x64.Build.0 = Debug|Any CPU
		{68D266BF-0197-4217-BAC9-6F981155FEAC}.Debug|x86.ActiveCfg = Debug|Any CPU
		{68D266BF-0197-4217-BAC9-6F981155FEAC}.Debug|x86.Build.0 = Debug|Any CPU
		{68D266BF-0197-4217-BAC9-6F981155FEAC}.Publish|Any CPU.ActiveCfg = Debug|Any CPU
		{68D266BF-0197-4217-BAC9-6F981155FEAC}.Publish|Any CPU.Build.0 = Debug|Any CPU
		{68D266BF-0197-4217-BAC9-6F981155FEAC}.Publish|x64.ActiveCfg = Debug|Any CPU
		{68D266BF-0197-4217-BAC9-6F981155FEAC}.Publish|x64.Build.0 = Debug|Any CPU
		{68D266BF-0197-4217-BAC9-6F981155FEAC}.Publish|x86.ActiveCfg = Debug|Any CPU
		{68D266BF-0197-4217-BAC9-6F981155FEAC}.Publish|x86.Build.0 = Debug|Any CPU
		{68D266BF-0197-4217-BAC9-6F981155FEAC}.Release|Any CPU.ActiveCfg = Release|Any CPU
		{68D266BF-0197-4217-BAC9-6F981155FEAC}.Release|Any CPU.Build.0 = Release|Any CPU
		{68D266BF-0197-4217-BAC9-6F981155FEAC}.Release|x64.ActiveCfg = Release|Any CPU
		{68D266BF-0197-4217-BAC9-6F981155FEAC}.Release|x64.Build.0 = Release|Any CPU
		{68D266BF-0197-4217-BAC9-6F981155FEAC}.Release|x86.ActiveCfg = Release|Any CPU
		{68D266BF-0197-4217-BAC9-6F981155FEAC}.Release|x86.Build.0 = Release|Any CPU
		{90EE18F5-B601-4D6C-8C38-33D258599CB4}.Debug|Any CPU.ActiveCfg = Debug|Any CPU
		{90EE18F5-B601-4D6C-8C38-33D258599CB4}.Debug|Any CPU.Build.0 = Debug|Any CPU
		{90EE18F5-B601-4D6C-8C38-33D258599CB4}.Debug|x64.ActiveCfg = Debug|Any CPU
		{90EE18F5-B601-4D6C-8C38-33D258599CB4}.Debug|x64.Build.0 = Debug|Any CPU
		{90EE18F5-B601-4D6C-8C38-33D258599CB4}.Debug|x86.ActiveCfg = Debug|Any CPU
		{90EE18F5-B601-4D6C-8C38-33D258599CB4}.Debug|x86.Build.0 = Debug|Any CPU
		{90EE18F5-B601-4D6C-8C38-33D258599CB4}.Publish|Any CPU.ActiveCfg = Debug|Any CPU
		{90EE18F5-B601-4D6C-8C38-33D258599CB4}.Publish|Any CPU.Build.0 = Debug|Any CPU
		{90EE18F5-B601-4D6C-8C38-33D258599CB4}.Publish|x64.ActiveCfg = Debug|Any CPU
		{90EE18F5-B601-4D6C-8C38-33D258599CB4}.Publish|x64.Build.0 = Debug|Any CPU
		{90EE18F5-B601-4D6C-8C38-33D258599CB4}.Publish|x86.ActiveCfg = Debug|Any CPU
		{90EE18F5-B601-4D6C-8C38-33D258599CB4}.Publish|x86.Build.0 = Debug|Any CPU
		{90EE18F5-B601-4D6C-8C38-33D258599CB4}.Release|Any CPU.ActiveCfg = Release|Any CPU
		{90EE18F5-B601-4D6C-8C38-33D258599CB4}.Release|Any CPU.Build.0 = Release|Any CPU
		{90EE18F5-B601-4D6C-8C38-33D258599CB4}.Release|x64.ActiveCfg = Release|Any CPU
		{90EE18F5-B601-4D6C-8C38-33D258599CB4}.Release|x64.Build.0 = Release|Any CPU
		{90EE18F5-B601-4D6C-8C38-33D258599CB4}.Release|x86.ActiveCfg = Release|Any CPU
		{90EE18F5-B601-4D6C-8C38-33D258599CB4}.Release|x86.Build.0 = Release|Any CPU
		{6CED7C0C-88B7-46A8-9412-4B28FA656D7B}.Debug|Any CPU.ActiveCfg = Debug|Any CPU
		{6CED7C0C-88B7-46A8-9412-4B28FA656D7B}.Debug|Any CPU.Build.0 = Debug|Any CPU
		{6CED7C0C-88B7-46A8-9412-4B28FA656D7B}.Debug|x64.ActiveCfg = Debug|Any CPU
		{6CED7C0C-88B7-46A8-9412-4B28FA656D7B}.Debug|x64.Build.0 = Debug|Any CPU
		{6CED7C0C-88B7-46A8-9412-4B28FA656D7B}.Debug|x86.ActiveCfg = Debug|Any CPU
		{6CED7C0C-88B7-46A8-9412-4B28FA656D7B}.Debug|x86.Build.0 = Debug|Any CPU
		{6CED7C0C-88B7-46A8-9412-4B28FA656D7B}.Publish|Any CPU.ActiveCfg = Debug|Any CPU
		{6CED7C0C-88B7-46A8-9412-4B28FA656D7B}.Publish|Any CPU.Build.0 = Debug|Any CPU
		{6CED7C0C-88B7-46A8-9412-4B28FA656D7B}.Publish|x64.ActiveCfg = Debug|Any CPU
		{6CED7C0C-88B7-46A8-9412-4B28FA656D7B}.Publish|x64.Build.0 = Debug|Any CPU
		{6CED7C0C-88B7-46A8-9412-4B28FA656D7B}.Publish|x86.ActiveCfg = Debug|Any CPU
		{6CED7C0C-88B7-46A8-9412-4B28FA656D7B}.Publish|x86.Build.0 = Debug|Any CPU
		{6CED7C0C-88B7-46A8-9412-4B28FA656D7B}.Release|Any CPU.ActiveCfg = Release|Any CPU
		{6CED7C0C-88B7-46A8-9412-4B28FA656D7B}.Release|Any CPU.Build.0 = Release|Any CPU
		{6CED7C0C-88B7-46A8-9412-4B28FA656D7B}.Release|x64.ActiveCfg = Release|Any CPU
		{6CED7C0C-88B7-46A8-9412-4B28FA656D7B}.Release|x64.Build.0 = Release|Any CPU
		{6CED7C0C-88B7-46A8-9412-4B28FA656D7B}.Release|x86.ActiveCfg = Release|Any CPU
		{6CED7C0C-88B7-46A8-9412-4B28FA656D7B}.Release|x86.Build.0 = Release|Any CPU
		{7D357B87-C415-4368-926C-5A897BFAB9EB}.Debug|Any CPU.ActiveCfg = Debug|Any CPU
		{7D357B87-C415-4368-926C-5A897BFAB9EB}.Debug|Any CPU.Build.0 = Debug|Any CPU
		{7D357B87-C415-4368-926C-5A897BFAB9EB}.Debug|x64.ActiveCfg = Debug|Any CPU
		{7D357B87-C415-4368-926C-5A897BFAB9EB}.Debug|x64.Build.0 = Debug|Any CPU
		{7D357B87-C415-4368-926C-5A897BFAB9EB}.Debug|x86.ActiveCfg = Debug|Any CPU
		{7D357B87-C415-4368-926C-5A897BFAB9EB}.Debug|x86.Build.0 = Debug|Any CPU
		{7D357B87-C415-4368-926C-5A897BFAB9EB}.Publish|Any CPU.ActiveCfg = Debug|Any CPU
		{7D357B87-C415-4368-926C-5A897BFAB9EB}.Publish|Any CPU.Build.0 = Debug|Any CPU
		{7D357B87-C415-4368-926C-5A897BFAB9EB}.Publish|x64.ActiveCfg = Debug|Any CPU
		{7D357B87-C415-4368-926C-5A897BFAB9EB}.Publish|x64.Build.0 = Debug|Any CPU
		{7D357B87-C415-4368-926C-5A897BFAB9EB}.Publish|x86.ActiveCfg = Debug|Any CPU
		{7D357B87-C415-4368-926C-5A897BFAB9EB}.Publish|x86.Build.0 = Debug|Any CPU
		{7D357B87-C415-4368-926C-5A897BFAB9EB}.Release|Any CPU.ActiveCfg = Release|Any CPU
		{7D357B87-C415-4368-926C-5A897BFAB9EB}.Release|Any CPU.Build.0 = Release|Any CPU
		{7D357B87-C415-4368-926C-5A897BFAB9EB}.Release|x64.ActiveCfg = Release|Any CPU
		{7D357B87-C415-4368-926C-5A897BFAB9EB}.Release|x64.Build.0 = Release|Any CPU
		{7D357B87-C415-4368-926C-5A897BFAB9EB}.Release|x86.ActiveCfg = Release|Any CPU
		{7D357B87-C415-4368-926C-5A897BFAB9EB}.Release|x86.Build.0 = Release|Any CPU
	EndGlobalSection
	GlobalSection(SolutionProperties) = preSolution
		HideSolutionNode = FALSE
	EndGlobalSection
	GlobalSection(NestedProjects) = preSolution
		{84E16B8D-44B7-42CB-B20D-44791A1DD920} = {F8849BAA-46DF-4711-A62A-5F58F7826382}
		{05678063-56F8-41B6-9FBC-1B4DDF5770EE} = {F8849BAA-46DF-4711-A62A-5F58F7826382}
		{4576221E-A575-413B-B5EC-666D44F07202} = {11A4A2AF-8B5B-42AE-B109-7D45CDB49DDD}
		{5DF62469-8CD2-464A-8F3A-03CA0204E1C8} = {11A4A2AF-8B5B-42AE-B109-7D45CDB49DDD}
		{9261991F-4C9F-46C6-9702-5E0C7C9C66E5} = {32E02A54-8C55-4DBA-9B65-3439055DDB31}
		{4471A7E2-A8D7-4C32-8345-69F6F6358D04} = {7C7F098D-BE0C-4150-BCCF-446F846B58B4}
		{97E663F2-17D8-4235-B7E8-F34F5DC670BC} = {7C7F098D-BE0C-4150-BCCF-446F846B58B4}
		{C0741540-010A-473E-BDB1-AD0B32CD8E1E} = {7C7F098D-BE0C-4150-BCCF-446F846B58B4}
		{D4032BF3-9152-4EC7-A63E-943369D9C165} = {7C7F098D-BE0C-4150-BCCF-446F846B58B4}
		{7C7F098D-BE0C-4150-BCCF-446F846B58B4} = {F49D5ABA-AC33-49DA-8A5A-48E0C6EC2E11}
		{B70B41AD-3FB9-4049-850C-730DC07BC6CB} = {F49D5ABA-AC33-49DA-8A5A-48E0C6EC2E11}
		{59EEC7A4-06D1-4198-905C-622C2D66230B} = {B70B41AD-3FB9-4049-850C-730DC07BC6CB}
		{1AAA9F33-460C-49E6-8147-8B0C45307F37} = {B70B41AD-3FB9-4049-850C-730DC07BC6CB}
		{D5F5CBED-8F52-409D-9A06-E770B2A560A6} = {B70B41AD-3FB9-4049-850C-730DC07BC6CB}
		{FEF03684-B3ED-4ABE-9687-8B7AAD81D104} = {B70B41AD-3FB9-4049-850C-730DC07BC6CB}
		{B1AA56BE-5455-499E-90E1-AE3E63C5A584} = {B70B41AD-3FB9-4049-850C-730DC07BC6CB}
		{4D6599B8-9CD7-4224-A335-D12352369998} = {B70B41AD-3FB9-4049-850C-730DC07BC6CB}
		{68D266BF-0197-4217-BAC9-6F981155FEAC} = {711BB711-1F45-4A1A-95C3-3C979EAB866B}
		{90EE18F5-B601-4D6C-8C38-33D258599CB4} = {711BB711-1F45-4A1A-95C3-3C979EAB866B}
		{AF33FF9E-E415-49E5-83EC-8638E304451E} = {A2B1435F-0C59-42A7-9EF2-98F9C0ABD6CA}
		{6CED7C0C-88B7-46A8-9412-4B28FA656D7B} = {B70B41AD-3FB9-4049-850C-730DC07BC6CB}
		{7D357B87-C415-4368-926C-5A897BFAB9EB} = {B70B41AD-3FB9-4049-850C-730DC07BC6CB}
	EndGlobalSection
	GlobalSection(ExtensibilityGlobals) = postSolution
		SolutionGuid = {CACA8604-A045-4812-B1E7-5ABC0AFC93E5}
	EndGlobalSection
EndGlobal
